Microsoft Visual Studio Solution File, Format Version 12.00
# Visual Studio Version 17
VisualStudioVersion = 17.5.2.0
MinimumVisualStudioVersion = 10.0.40219.1
Project("{FAE04EC0-301F-11D3-BF4B-00C04F79EFBC}") = "PascalCs", "PascalCs.csproj", "{18A86CFF-BF9A-D2FC-58CA-E77FFF19A946}"
EndProject
Global
	GlobalSection(SolutionConfigurationPlatforms) = preSolution
		Debug|Any CPU = Debug|Any CPU
		Release|Any CPU = Release|Any CPU
	EndGlobalSection
	GlobalSection(ProjectConfigurationPlatforms) = postSolution
		{18A86CFF-BF9A-D2FC-58CA-E77FFF19A946}.Debug|Any CPU.ActiveCfg = Debug|Any CPU
		{18A86CFF-BF9A-D2FC-58CA-E77FFF19A946}.Debug|Any CPU.Build.0 = Debug|Any CPU
		{18A86CFF-BF9A-D2FC-58CA-E77FFF19A946}.Release|Any CPU.ActiveCfg = Release|Any CPU
		{18A86CFF-BF9A-D2FC-58CA-E77FFF19A946}.Release|Any CPU.Build.0 = Release|Any CPU
	EndGlobalSection
	GlobalSection(SolutionProperties) = preSolution
		HideSolutionNode = FALSE
	EndGlobalSection
	GlobalSection(ExtensibilityGlobals) = postSolution
		SolutionGuid = {5F80C43D-45AB-43A3-B40B-E120BAE36D6A}
	EndGlobalSection
EndGlobal
